
Microsoft Visual Studio Solution File, Format Version 12.00
# Visual Studio 15
VisualStudioVersion = 15.0.27004.2002
MinimumVisualStudioVersion = 10.0.40219.1
Project("{FAE04EC0-301F-11D3-BF4B-00C04F79EFBC}") = "VSHelloWorld_150221050", "VSHelloWorld_150221050\VSHelloWorld_150221050.csproj", "{00FBD638-C332-4EC2-9CC9-B5E127EC36EB}"
EndProject
Global
	GlobalSection(SolutionConfigurationPlatforms) = preSolution
		Debug|Any CPU = Debug|Any CPU
		Release|Any CPU = Release|Any CPU
	EndGlobalSection
	GlobalSection(ProjectConfigurationPlatforms) = postSolution
		{00FBD638-C332-4EC2-9CC9-B5E127EC36EB}.Debug|Any CPU.ActiveCfg = Debug|Any CPU
		{00FBD638-C332-4EC2-9CC9-B5E127EC36EB}.Debug|Any CPU.Build.0 = Debug|Any CPU
		{00FBD638-C332-4EC2-9CC9-B5E127EC36EB}.Release|Any CPU.ActiveCfg = Release|Any CPU
		{00FBD638-C332-4EC2-9CC9-B5E127EC36EB}.Release|Any CPU.Build.0 = Release|Any CPU
	EndGlobalSection
	GlobalSection(SolutionProperties) = preSolution
		HideSolutionNode = FALSE
	EndGlobalSection
	GlobalSection(ExtensibilityGlobals) = postSolution
		SolutionGuid = {2B32BAAE-DF69-49DA-A09D-4019B6DF1E41}
	EndGlobalSection
EndGlobal
